{
  "nodes": {
    "chatsounds-cli-repo": {
      "inputs": {
        "nixpkgs": [
          "nixpkgs"
        ]
      },
      "locked": {
        "lastModified": 1724097812,
        "narHash": "sha256-FtejOxuMnmz7aSqH1Ikfsyh7VUb/0RMYvgUq0suLL+U=",
        "owner": "SpiralP",
        "repo": "chatsounds-cli",
        "rev": "49f02fbc4259303dcd297ce6c8e38428bd999167",
        "type": "github"
      },
      "original": {
        "owner": "SpiralP",
        "repo": "chatsounds-cli",
        "type": "github"
      }
    },
    "nixpkgs": {
      "locked": {
        "lastModified": 1725001927,
        "narHash": "sha256-eV+63gK0Mp7ygCR0Oy4yIYSNcum2VQwnZamHxYTNi+M=",
        "owner": "NixOS",
        "repo": "nixpkgs",
        "rev": "6e99f2a27d600612004fbd2c3282d614bfee6421",
        "type": "github"
      },
      "original": {
        "owner": "NixOS",
        "ref": "nixos-24.05",
        "repo": "nixpkgs",
        "type": "github"
      }
    },
    "root": {
      "inputs": {
        "chatsounds-cli-repo": "chatsounds-cli-repo",
        "nixpkgs": "nixpkgs"
      }
    }
  },
  "root": "root",
  "version": 7
}
