{
  "nodes": {
    "chatsounds-cli-repo": {
      "inputs": {
        "nixpkgs": [
          "nixpkgs"
        ]
      },
      "locked": {
        "lastModified": 1749419545,
        "narHash": "sha256-DiReidxv4nrtJBaEmkOH4sG8LDdsuPtaGHXwvUv/gFo=",
        "owner": "SpiralP",
        "repo": "chatsounds-cli",
        "rev": "d416a27e2d7778e6f7af0ef009e20d02ee17a4b0",
        "type": "github"
      },
      "original": {
        "owner": "SpiralP",
        "repo": "chatsounds-cli",
        "type": "github"
      }
    },
    "nixpkgs": {
      "locked": {
        "lastModified": 1749237914,
        "narHash": "sha256-N5waoqWt8aMr/MykZjSErOokYH6rOsMMXu3UOVH5kiw=",
        "owner": "NixOS",
        "repo": "nixpkgs",
        "rev": "70c74b02eac46f4e4aa071e45a6189ce0f6d9265",
        "type": "github"
      },
      "original": {
        "owner": "NixOS",
        "ref": "nixos-25.05",
        "repo": "nixpkgs",
        "type": "github"
      }
    },
    "root": {
      "inputs": {
        "chatsounds-cli-repo": "chatsounds-cli-repo",
        "nixpkgs": "nixpkgs"
      }
    }
  },
  "root": "root",
  "version": 7
}
