{
  "nodes": {
    "chatsounds-cli-repo": {
      "inputs": {
        "nixpkgs": [
          "nixpkgs"
        ]
      },
      "locked": {
        "lastModified": 1765333855,
        "narHash": "sha256-KNHw4h/SPYHbj09PFUCV0Eh07/IZ7kikj9WW/GjchJo=",
        "owner": "SpiralP",
        "repo": "chatsounds-cli",
        "rev": "6e7473bef499e10517eadfed92736d0235e0fa41",
        "type": "github"
      },
      "original": {
        "owner": "SpiralP",
        "repo": "chatsounds-cli",
        "type": "github"
      }
    },
    "nixpkgs": {
      "locked": {
        "lastModified": 1765363881,
        "narHash": "sha256-3C3xWn8/2Zzr7sxVBmpc1H1QfxjNfta5IMFe3O9ZEPw=",
        "owner": "NixOS",
        "repo": "nixpkgs",
        "rev": "d2b1213bf5ec5e62d96b003ab4b5cbc42abfc0d0",
        "type": "github"
      },
      "original": {
        "owner": "NixOS",
        "ref": "nixos-25.05",
        "repo": "nixpkgs",
        "type": "github"
      }
    },
    "root": {
      "inputs": {
        "chatsounds-cli-repo": "chatsounds-cli-repo",
        "nixpkgs": "nixpkgs"
      }
    }
  },
  "root": "root",
  "version": 7
}
